confirmed_by_user: false
mode: mvp
infra_level: containers-only
stack:
  backend:
    choice: ""
    rationale: ""
  frontend:
    choice: ""
    rationale: ""
  database:
    choice: "postgres"
    rationale: "Default required by judgment stack_policy."
  realtime:
    choice: ""
    rationale: ""
  repo_shape:
    choice: "monorepo"
    rationale: "Single repo simplifies coordination across agents."
explicit_disallowed:
  - "managed cloud services"
  - "kubernetes"
  - "infrastructure beyond containers"
open_questions:
  - "Which backend stack option should be chosen?"
  - "Which frontend stack option should be chosen (or none)?"
  - "Which realtime approach is required, if any?"
